
Microsoft Visual Studio Solution File, Format Version 12.00
# Visual Studio 14
VisualStudioVersion = 14.0.25420.1
MinimumVisualStudioVersion = 10.0.40219.1
Project("{FAE04EC0-301F-11D3-BF4B-00C04F79EFBC}") = "PapaBobs", "PapaBobsMegaChallenge\PapaBobs.csproj", "{2BDCAAF1-4DF7-4DC3-A6A5-23756CF12C7F}"
EndProject
Project("{FAE04EC0-301F-11D3-BF4B-00C04F79EFBC}") = "PapaBobs.Persistance", "PapaBobs_Persistance\PapaBobs.Persistance.csproj", "{95466CC6-2EEF-49F0-B796-90A18D423096}"
EndProject
Project("{FAE04EC0-301F-11D3-BF4B-00C04F79EFBC}") = "PapaBobs.Domain", "PapaBobs_Domain\PapaBobs.Domain.csproj", "{1FBF0300-F421-43FD-AD6E-74B86F467B38}"
EndProject
Project("{FAE04EC0-301F-11D3-BF4B-00C04F79EFBC}") = "PapaBobs.Presentation", "PapaBobs_Presentation\PapaBobs.Presentation.csproj", "{82678179-05D7-4E61-8EBD-F17D32175BED}"
EndProject
Project("{FAE04EC0-301F-11D3-BF4B-00C04F79EFBC}") = "PapaBobs.DTO", "PapaBobs.DTO\PapaBobs.DTO.csproj", "{73FD2385-62A8-412C-A048-62F988CD5C34}"
EndProject
Global
	GlobalSection(SolutionConfigurationPlatforms) = preSolution
		Debug|Any CPU = Debug|Any CPU
		Release|Any CPU = Release|Any CPU
	EndGlobalSection
	GlobalSection(ProjectConfigurationPlatforms) = postSolution
		{2BDCAAF1-4DF7-4DC3-A6A5-23756CF12C7F}.Debug|Any CPU.ActiveCfg = Debug|Any CPU
		{2BDCAAF1-4DF7-4DC3-A6A5-23756CF12C7F}.Debug|Any CPU.Build.0 = Debug|Any CPU
		{2BDCAAF1-4DF7-4DC3-A6A5-23756CF12C7F}.Release|Any CPU.ActiveCfg = Release|Any CPU
		{2BDCAAF1-4DF7-4DC3-A6A5-23756CF12C7F}.Release|Any CPU.Build.0 = Release|Any CPU
		{95466CC6-2EEF-49F0-B796-90A18D423096}.Debug|Any CPU.ActiveCfg = Debug|Any CPU
		{95466CC6-2EEF-49F0-B796-90A18D423096}.Debug|Any CPU.Build.0 = Debug|Any CPU
		{95466CC6-2EEF-49F0-B796-90A18D423096}.Release|Any CPU.ActiveCfg = Release|Any CPU
		{95466CC6-2EEF-49F0-B796-90A18D423096}.Release|Any CPU.Build.0 = Release|Any CPU
		{1FBF0300-F421-43FD-AD6E-74B86F467B38}.Debug|Any CPU.ActiveCfg = Debug|Any CPU
		{1FBF0300-F421-43FD-AD6E-74B86F467B38}.Debug|Any CPU.Build.0 = Debug|Any CPU
		{1FBF0300-F421-43FD-AD6E-74B86F467B38}.Release|Any CPU.ActiveCfg = Release|Any CPU
		{1FBF0300-F421-43FD-AD6E-74B86F467B38}.Release|Any CPU.Build.0 = Release|Any CPU
		{82678179-05D7-4E61-8EBD-F17D32175BED}.Debug|Any CPU.ActiveCfg = Debug|Any CPU
		{82678179-05D7-4E61-8EBD-F17D32175BED}.Debug|Any CPU.Build.0 = Debug|Any CPU
		{82678179-05D7-4E61-8EBD-F17D32175BED}.Release|Any CPU.ActiveCfg = Release|Any CPU
		{82678179-05D7-4E61-8EBD-F17D32175BED}.Release|Any CPU.Build.0 = Release|Any CPU
		{73FD2385-62A8-412C-A048-62F988CD5C34}.Debug|Any CPU.ActiveCfg = Debug|Any CPU
		{73FD2385-62A8-412C-A048-62F988CD5C34}.Debug|Any CPU.Build.0 = Debug|Any CPU
		{73FD2385-62A8-412C-A048-62F988CD5C34}.Release|Any CPU.ActiveCfg = Release|Any CPU
		{73FD2385-62A8-412C-A048-62F988CD5C34}.Release|Any CPU.Build.0 = Release|Any CPU
	EndGlobalSection
	GlobalSection(SolutionProperties) = preSolution
		HideSolutionNode = FALSE
	EndGlobalSection
EndGlobal
